
Microsoft Visual Studio Solution File, Format Version 12.00
# Visual Studio Version 17
VisualStudioVersion = 17.5.002.0
MinimumVisualStudioVersion = 10.0.40219.1
Project("{9A19103F-16F7-4668-BE54-9A1E7A4F7556}") = "App_Facul", "App_Facul\App_Facul.csproj", "{1D157651-97BA-4B41-8095-3CB44E0E048F}"
EndProject
Global
	GlobalSection(SolutionConfigurationPlatforms) = preSolution
		Debug|Any CPU = Debug|Any CPU
		Release|Any CPU = Release|Any CPU
	EndGlobalSection
	GlobalSection(ProjectConfigurationPlatforms) = postSolution
		{1D157651-97BA-4B41-8095-3CB44E0E048F}.Debug|Any CPU.ActiveCfg = Debug|Any CPU
		{1D157651-97BA-4B41-8095-3CB44E0E048F}.Debug|Any CPU.Build.0 = Debug|Any CPU
		{1D157651-97BA-4B41-8095-3CB44E0E048F}.Release|Any CPU.ActiveCfg = Release|Any CPU
		{1D157651-97BA-4B41-8095-3CB44E0E048F}.Release|Any CPU.Build.0 = Release|Any CPU
	EndGlobalSection
	GlobalSection(SolutionProperties) = preSolution
		HideSolutionNode = FALSE
	EndGlobalSection
	GlobalSection(ExtensibilityGlobals) = postSolution
		SolutionGuid = {0C4BFF58-8E5E-4EE2-959D-5B15DF1C5843}
	EndGlobalSection
EndGlobal
